// !$*UTF8*$!
{
	archiveVersion = 1;
	classes = {
	};
	objectVersion = 56;
	objects = {

/* Begin PBXBuildFile section */
		500A1C712BB30901009B1A86 /* impact.ttf in Resources */ = {isa = PBXBuildFile; fileRef = 500A1C702BB30901009B1A86 /* impact.ttf */; };
		500A1C742BB30BCC009B1A86 /* ImagePicker.swift in Sources */ = {isa = PBXBuildFile; fileRef = 500A1C732BB30BCC009B1A86 /* ImagePicker.swift */; };
		50278EE82BBC30FE00CD0E9F /* MemeDetailView.swift in Sources */ = {isa = PBXBuildFile; fileRef = 50278EE72BBC30FE00CD0E9F /* MemeDetailView.swift */; };
		506546D82BB1CA15003F7940 /* MemeMeApp.swift in Sources */ = {isa = PBXBuildFile; fileRef = 506546D72BB1CA15003F7940 /* MemeMeApp.swift */; };
		506546DA2BB1CA15003F7940 /* ContentView.swift in Sources */ = {isa = PBXBuildFile; fileRef = 506546D92BB1CA15003F7940 /* ContentView.swift */; };
		506546DC2BB1CA17003F7940 /* Assets.xcassets in Resources */ = {isa = PBXBuildFile; fileRef = 506546DB2BB1CA17003F7940 /* Assets.xcassets */; };
		506546DF2BB1CA17003F7940 /* Preview Assets.xcassets in Resources */ = {isa = PBXBuildFile; fileRef = 506546DE2BB1CA17003F7940 /* Preview Assets.xcassets */; };
		50B251B32BB1D3430075D48D /* MainTabView.swift in Sources */ = {isa = PBXBuildFile; fileRef = 50B251B22BB1D3430075D48D /* MainTabView.swift */; };
		50B251B52BB1D3F10075D48D /* MemeGridTabView.swift in Sources */ = {isa = PBXBuildFile; fileRef = 50B251B42BB1D3F10075D48D /* MemeGridTabView.swift */; };
		50B251B72BB1D4050075D48D /* MemeListTabView.swift in Sources */ = {isa = PBXBuildFile; fileRef = 50B251B62BB1D4050075D48D /* MemeListTabView.swift */; };
		50B251BD2BB1DF2A0075D48D /* Meme.swift in Sources */ = {isa = PBXBuildFile; fileRef = 50B251BC2BB1DF2A0075D48D /* Meme.swift */; };
		50B251BF2BB1DF500075D48D /* MemeViewModel.swift in Sources */ = {isa = PBXBuildFile; fileRef = 50B251BE2BB1DF500075D48D /* MemeViewModel.swift */; };
		50B251C12BB1DF9F0075D48D /* MemeTextField.swift in Sources */ = {isa = PBXBuildFile; fileRef = 50B251C02BB1DF9F0075D48D /* MemeTextField.swift */; };
		50B251C42BB1E05F0075D48D /* Extension.swift in Sources */ = {isa = PBXBuildFile; fileRef = 50B251C32BB1E05F0075D48D /* Extension.swift */; };
		50B251C62BB1E0D00075D48D /* NewMemeView.swift in Sources */ = {isa = PBXBuildFile; fileRef = 50B251C52BB1E0CF0075D48D /* NewMemeView.swift */; };
/* End PBXBuildFile section */

/* Begin PBXFileReference section */
		500A1C702BB30901009B1A86 /* impact.ttf */ = {isa = PBXFileReference; lastKnownFileType = file; path = impact.ttf; sourceTree = "<group>"; };
		500A1C722BB30930009B1A86 /* Info.plist */ = {isa = PBXFileReference; lastKnownFileType = text.plist; path = Info.plist; sourceTree = "<group>"; };
		500A1C732BB30BCC009B1A86 /* ImagePicker.swift */ = {isa = PBXFileReference; lastKnownFileType = sourcecode.swift; path = ImagePicker.swift; sourceTree = "<group>"; };
		50278EE72BBC30FE00CD0E9F /* MemeDetailView.swift */ = {isa = PBXFileReference; lastKnownFileType = sourcecode.swift; path = MemeDetailView.swift; sourceTree = "<group>"; };
		506546D42BB1CA15003F7940 /* MemeMe.app */ = {isa = PBXFileReference; explicitFileType = wrapper.application; includeInIndex = 0; path = MemeMe.app; sourceTree = BUILT_PRODUCTS_DIR; };
		506546D72BB1CA15003F7940 /* MemeMeApp.swift */ = {isa = PBXFileReference; lastKnownFileType = sourcecode.swift; path = MemeMeApp.swift; sourceTree = "<group>"; };
		506546D92BB1CA15003F7940 /* ContentView.swift */ = {isa = PBXFileReference; lastKnownFileType = sourcecode.swift; path = ContentView.swift; sourceTree = "<group>"; };
		506546DB2BB1CA17003F7940 /* Assets.xcassets */ = {isa = PBXFileReference; lastKnownFileType = folder.assetcatalog; path = Assets.xcassets; sourceTree = "<group>"; };
		506546DE2BB1CA17003F7940 /* Preview Assets.xcassets */ = {isa = PBXFileReference; lastKnownFileType = folder.assetcatalog; path = "Preview Assets.xcassets"; sourceTree = "<group>"; };
		50B251B22BB1D3430075D48D /* MainTabView.swift */ = {isa = PBXFileReference; lastKnownFileType = sourcecode.swift; path = MainTabView.swift; sourceTree = "<group>"; };
		50B251B42BB1D3F10075D48D /* MemeGridTabView.swift */ = {isa = PBXFileReference; lastKnownFileType = sourcecode.swift; path = MemeGridTabView.swift; sourceTree = "<group>"; };
		50B251B62BB1D4050075D48D /* MemeListTabView.swift */ = {isa = PBXFileReference; lastKnownFileType = sourcecode.swift; path = MemeListTabView.swift; sourceTree = "<group>"; };
		50B251BC2BB1DF2A0075D48D /* Meme.swift */ = {isa = PBXFileReference; lastKnownFileType = sourcecode.swift; path = Meme.swift; sourceTree = "<group>"; };
		50B251BE2BB1DF500075D48D /* MemeViewModel.swift */ = {isa = PBXFileReference; lastKnownFileType = sourcecode.swift; path = MemeViewModel.swift; sourceTree = "<group>"; };
		50B251C02BB1DF9F0075D48D /* MemeTextField.swift */ = {isa = PBXFileReference; lastKnownFileType = sourcecode.swift; path = MemeTextField.swift; sourceTree = "<group>"; };
		50B251C32BB1E05F0075D48D /* Extension.swift */ = {isa = PBXFileReference; lastKnownFileType = sourcecode.swift; path = Extension.swift; sourceTree = "<group>"; };
		50B251C52BB1E0CF0075D48D /* NewMemeView.swift */ = {isa = PBXFileReference; lastKnownFileType = sourcecode.swift; path = NewMemeView.swift; sourceTree = "<group>"; };
/* End PBXFileReference section */

/* Begin PBXFrameworksBuildPhase section */
		506546D12BB1CA15003F7940 /* Frameworks */ = {
			isa = PBXFrameworksBuildPhase;
			buildActionMask = 2147483647;
			files = (
			);
			runOnlyForDeploymentPostprocessing = 0;
		};
/* End PBXFrameworksBuildPhase section */

/* Begin PBXGroup section */
		500A1C6D2BB306E2009B1A86 /* Font */ = {
			isa = PBXGroup;
			children = (
				500A1C702BB30901009B1A86 /* impact.ttf */,
			);
			path = Font;
			sourceTree = "<group>";
		};
		506546CB2BB1CA15003F7940 = {
			isa = PBXGroup;
			children = (
				506546D62BB1CA15003F7940 /* MemeMe */,
				506546D52BB1CA15003F7940 /* Products */,
			);
			sourceTree = "<group>";
		};
		506546D52BB1CA15003F7940 /* Products */ = {
			isa = PBXGroup;
			children = (
				506546D42BB1CA15003F7940 /* MemeMe.app */,
			);
			name = Products;
			sourceTree = "<group>";
		};
		506546D62BB1CA15003F7940 /* MemeMe */ = {
			isa = PBXGroup;
			children = (
				500A1C722BB30930009B1A86 /* Info.plist */,
				50B251BB2BB1DEB50075D48D /* App */,
				506546DB2BB1CA17003F7940 /* Assets.xcassets */,
				50B251C22BB1E0350075D48D /* Extensions */,
				500A1C6D2BB306E2009B1A86 /* Font */,
				50B251B82BB1DE6D0075D48D /* Model */,
				506546DD2BB1CA17003F7940 /* Preview Content */,
				50B251B92BB1DE850075D48D /* View */,
				50B251BA2BB1DEA70075D48D /* ViewModel */,
			);
			path = MemeMe;
			sourceTree = "<group>";
		};
		506546DD2BB1CA17003F7940 /* Preview Content */ = {
			isa = PBXGroup;
			children = (
				506546DE2BB1CA17003F7940 /* Preview Assets.xcassets */,
			);
			path = "Preview Content";
			sourceTree = "<group>";
		};
		50B251B82BB1DE6D0075D48D /* Model */ = {
			isa = PBXGroup;
			children = (
				50B251BC2BB1DF2A0075D48D /* Meme.swift */,
			);
			path = Model;
			sourceTree = "<group>";
		};
		50B251B92BB1DE850075D48D /* View */ = {
			isa = PBXGroup;
			children = (
				506546D92BB1CA15003F7940 /* ContentView.swift */,
				50B251B22BB1D3430075D48D /* MainTabView.swift */,
				50B251B42BB1D3F10075D48D /* MemeGridTabView.swift */,
				50B251B62BB1D4050075D48D /* MemeListTabView.swift */,
				50B251C02BB1DF9F0075D48D /* MemeTextField.swift */,
				50B251C52BB1E0CF0075D48D /* NewMemeView.swift */,
				500A1C732BB30BCC009B1A86 /* ImagePicker.swift */,
				50278EE72BBC30FE00CD0E9F /* MemeDetailView.swift */,
			);
			path = View;
			sourceTree = "<group>";
		};
		50B251BA2BB1DEA70075D48D /* ViewModel */ = {
			isa = PBXGroup;
			children = (
				50B251BE2BB1DF500075D48D /* MemeViewModel.swift */,
			);
			path = ViewModel;
			sourceTree = "<group>";
		};
		50B251BB2BB1DEB50075D48D /* App */ = {
			isa = PBXGroup;
			children = (
				506546D72BB1CA15003F7940 /* MemeMeApp.swift */,
			);
			path = App;
			sourceTree = "<group>";
		};
		50B251C22BB1E0350075D48D /* Extensions */ = {
			isa = PBXGroup;
			children = (
				50B251C32BB1E05F0075D48D /* Extension.swift */,
			);
			path = Extensions;
			sourceTree = "<group>";
		};
/* End PBXGroup section */

/* Begin PBXNativeTarget section */
		506546D32BB1CA15003F7940 /* MemeMe */ = {
			isa = PBXNativeTarget;
			buildConfigurationList = 506546E22BB1CA17003F7940 /* Build configuration list for PBXNativeTarget "MemeMe" */;
			buildPhases = (
				506546D02BB1CA15003F7940 /* Sources */,
				506546D12BB1CA15003F7940 /* Frameworks */,
				506546D22BB1CA15003F7940 /* Resources */,
			);
			buildRules = (
			);
			dependencies = (
			);
			name = MemeMe;
			productName = MemeMe;
			productReference = 506546D42BB1CA15003F7940 /* MemeMe.app */;
			productType = "com.apple.product-type.application";
		};
/* End PBXNativeTarget section */

/* Begin PBXProject section */
		506546CC2BB1CA15003F7940 /* Project object */ = {
			isa = PBXProject;
			attributes = {
				BuildIndependentTargetsInParallel = 1;
				LastSwiftUpdateCheck = 1520;
				LastUpgradeCheck = 1520;
				TargetAttributes = {
					506546D32BB1CA15003F7940 = {
						CreatedOnToolsVersion = 15.2;
					};
				};
			};
			buildConfigurationList = 506546CF2BB1CA15003F7940 /* Build configuration list for PBXProject "MemeMe" */;
			compatibilityVersion = "Xcode 14.0";
			developmentRegion = en;
			hasScannedForEncodings = 0;
			knownRegions = (
				en,
				Base,
			);
			mainGroup = 506546CB2BB1CA15003F7940;
			productRefGroup = 506546D52BB1CA15003F7940 /* Products */;
			projectDirPath = "";
			projectRoot = "";
			targets = (
				506546D32BB1CA15003F7940 /* MemeMe */,
			);
		};
/* End PBXProject section */

/* Begin PBXResourcesBuildPhase section */
		506546D22BB1CA15003F7940 /* Resources */ = {
			isa = PBXResourcesBuildPhase;
			buildActionMask = 2147483647;
			files = (
				506546DF2BB1CA17003F7940 /* Preview Assets.xcassets in Resources */,
				506546DC2BB1CA17003F7940 /* Assets.xcassets in Resources */,
				500A1C712BB30901009B1A86 /* impact.ttf in Resources */,
			);
			runOnlyForDeploymentPostprocessing = 0;
		};
/* End PBXResourcesBuildPhase section */

/* Begin PBXSourcesBuildPhase section */
		506546D02BB1CA15003F7940 /* Sources */ = {
			isa = PBXSourcesBuildPhase;
			buildActionMask = 2147483647;
			files = (
				50B251C42BB1E05F0075D48D /* Extension.swift in Sources */,
				50B251B52BB1D3F10075D48D /* MemeGridTabView.swift in Sources */,
				50B251BF2BB1DF500075D48D /* MemeViewModel.swift in Sources */,
				50B251C62BB1E0D00075D48D /* NewMemeView.swift in Sources */,
				506546DA2BB1CA15003F7940 /* ContentView.swift in Sources */,
				50B251C12BB1DF9F0075D48D /* MemeTextField.swift in Sources */,
				506546D82BB1CA15003F7940 /* MemeMeApp.swift in Sources */,
				50278EE82BBC30FE00CD0E9F /* MemeDetailView.swift in Sources */,
				500A1C742BB30BCC009B1A86 /* ImagePicker.swift in Sources */,
				50B251BD2BB1DF2A0075D48D /* Meme.swift in Sources */,
				50B251B72BB1D4050075D48D /* MemeListTabView.swift in Sources */,
				50B251B32BB1D3430075D48D /* MainTabView.swift in Sources */,
			);
			runOnlyForDeploymentPostprocessing = 0;
		};
/* End PBXSourcesBuildPhase section */

/* Begin XCBuildConfiguration section */
		506546E02BB1CA17003F7940 /* Debug */ = {
			isa = XCBuildConfiguration;
			buildSettings = {
				ALWAYS_SEARCH_USER_PATHS = NO;
				ASSETCATALOG_COMPILER_GENERATE_SWIFT_ASSET_SYMBOL_EXTENSIONS = YES;
				CLANG_ANALYZER_NONNULL = YES;
				CLANG_ANALYZER_NUMBER_OBJECT_CONVERSION = YES_AGGRESSIVE;
				CLANG_CXX_LANGUAGE_STANDARD = "gnu++20";
				CLANG_ENABLE_MODULES = YES;
				CLANG_ENABLE_OBJC_ARC = YES;
				CLANG_ENABLE_OBJC_WEAK = YES;
				CLANG_WARN_BLOCK_CAPTURE_AUTORELEASING = YES;
				CLANG_WARN_BOOL_CONVERSION = YES;
				CLANG_WARN_COMMA = YES;
				CLANG_WARN_CONSTANT_CONVERSION = YES;
				CLANG_WARN_DEPRECATED_OBJC_IMPLEMENTATIONS = YES;
				CLANG_WARN_DIRECT_OBJC_ISA_USAGE = YES_ERROR;
				CLANG_WARN_DOCUMENTATION_COMMENTS = YES;
				CLANG_WARN_EMPTY_BODY = YES;
				CLANG_WARN_ENUM_CONVERSION = YES;
				CLANG_WARN_INFINITE_RECURSION = YES;
				CLANG_WARN_INT_CONVERSION = YES;
				CLANG_WARN_NON_LITERAL_NULL_CONVERSION = YES;
				CLANG_WARN_OBJC_IMPLICIT_RETAIN_SELF = YES;
				CLANG_WARN_OBJC_LITERAL_CONVERSION = YES;
				CLANG_WARN_OBJC_ROOT_CLASS = YES_ERROR;
				CLANG_WARN_QUOTED_INCLUDE_IN_FRAMEWORK_HEADER = YES;
				CLANG_WARN_RANGE_LOOP_ANALYSIS = YES;
				CLANG_WARN_STRICT_PROTOTYPES = YES;
				CLANG_WARN_SUSPICIOUS_MOVE = YES;
				CLANG_WARN_UNGUARDED_AVAILABILITY = YES_AGGRESSIVE;
				CLANG_WARN_UNREACHABLE_CODE = YES;
				CLANG_WARN__DUPLICATE_METHOD_MATCH = YES;
				COPY_PHASE_STRIP = NO;
				DEBUG_INFORMATION_FORMAT = dwarf;
				ENABLE_STRICT_OBJC_MSGSEND = YES;
				ENABLE_TESTABILITY = YES;
				ENABLE_USER_SCRIPT_SANDBOXING = YES;
				GCC_C_LANGUAGE_STANDARD = gnu17;
				GCC_DYNAMIC_NO_PIC = NO;
				GCC_NO_COMMON_BLOCKS = YES;
				GCC_OPTIMIZATION_LEVEL = 0;
				GCC_PREPROCESSOR_DEFINITIONS = (
					"DEBUG=1",
					"$(inherited)",
				);
				GCC_WARN_64_TO_32_BIT_CONVERSION = YES;
				GCC_WARN_ABOUT_RETURN_TYPE = YES_ERROR;
				GCC_WARN_UNDECLARED_SELECTOR = YES;
				GCC_WARN_UNINITIALIZED_AUTOS = YES_AGGRESSIVE;
				GCC_WARN_UNUSED_FUNCTION = YES;
				GCC_WARN_UNUSED_VARIABLE = YES;
				IPHONEOS_DEPLOYMENT_TARGET = 17.2;
				LOCALIZATION_PREFERS_STRING_CATALOGS = YES;
				MTL_ENABLE_DEBUG_INFO = INCLUDE_SOURCE;
				MTL_FAST_MATH = YES;
				ONLY_ACTIVE_ARCH = YES;
				SDKROOT = iphoneos;
				SWIFT_ACTIVE_COMPILATION_CONDITIONS = "DEBUG $(inherited)";
				SWIFT_OPTIMIZATION_LEVEL = "-Onone";
			};
			name = Debug;
		};
		506546E12BB1CA17003F7940 /* Release */ = {
			isa = XCBuildConfiguration;
			buildSettings = {
				ALWAYS_SEARCH_USER_PATHS = NO;
				ASSETCATALOG_COMPILER_GENERATE_SWIFT_ASSET_SYMBOL_EXTENSIONS = YES;
				CLANG_ANALYZER_NONNULL = YES;
				CLANG_ANALYZER_NUMBER_OBJECT_CONVERSION = YES_AGGRESSIVE;
				CLANG_CXX_LANGUAGE_STANDARD = "gnu++20";
				CLANG_ENABLE_MODULES = YES;
				CLANG_ENABLE_OBJC_ARC = YES;
				CLANG_ENABLE_OBJC_WEAK = YES;
				CLANG_WARN_BLOCK_CAPTURE_AUTORELEASING = YES;
				CLANG_WARN_BOOL_CONVERSION = YES;
				CLANG_WARN_COMMA = YES;
				CLANG_WARN_CONSTANT_CONVERSION = YES;
				CLANG_WARN_DEPRECATED_OBJC_IMPLEMENTATIONS = YES;
				CLANG_WARN_DIRECT_OBJC_ISA_USAGE = YES_ERROR;
				CLANG_WARN_DOCUMENTATION_COMMENTS = YES;
				CLANG_WARN_EMPTY_BODY = YES;
				CLANG_WARN_ENUM_CONVERSION = YES;
				CLANG_WARN_INFINITE_RECURSION = YES;
				CLANG_WARN_INT_CONVERSION = YES;
				CLANG_WARN_NON_LITERAL_NULL_CONVERSION = YES;
				CLANG_WARN_OBJC_IMPLICIT_RETAIN_SELF = YES;
				CLANG_WARN_OBJC_LITERAL_CONVERSION = YES;
				CLANG_WARN_OBJC_ROOT_CLASS = YES_ERROR;
				CLANG_WARN_QUOTED_INCLUDE_IN_FRAMEWORK_HEADER = YES;
				CLANG_WARN_RANGE_LOOP_ANALYSIS = YES;
				CLANG_WARN_STRICT_PROTOTYPES = YES;
				CLANG_WARN_SUSPICIOUS_MOVE = YES;
				CLANG_WARN_UNGUARDED_AVAILABILITY = YES_AGGRESSIVE;
				CLANG_WARN_UNREACHABLE_CODE = YES;
				CLANG_WARN__DUPLICATE_METHOD_MATCH = YES;
				COPY_PHASE_STRIP = NO;
				DEBUG_INFORMATION_FORMAT = "dwarf-with-dsym";
				ENABLE_NS_ASSERTIONS = NO;
				ENABLE_STRICT_OBJC_MSGSEND = YES;
				ENABLE_USER_SCRIPT_SANDBOXING = YES;
				GCC_C_LANGUAGE_STANDARD = gnu17;
				GCC_NO_COMMON_BLOCKS = YES;
				GCC_WARN_64_TO_32_BIT_CONVERSION = YES;
				GCC_WARN_ABOUT_RETURN_TYPE = YES_ERROR;
				GCC_WARN_UNDECLARED_SELECTOR = YES;
				GCC_WARN_UNINITIALIZED_AUTOS = YES_AGGRESSIVE;
				GCC_WARN_UNUSED_FUNCTION = YES;
				GCC_WARN_UNUSED_VARIABLE = YES;
				IPHONEOS_DEPLOYMENT_TARGET = 17.2;
				LOCALIZATION_PREFERS_STRING_CATALOGS = YES;
				MTL_ENABLE_DEBUG_INFO = NO;
				MTL_FAST_MATH = YES;
				SDKROOT = iphoneos;
				SWIFT_COMPILATION_MODE = wholemodule;
				VALIDATE_PRODUCT = YES;
			};
			name = Release;
		};
		506546E32BB1CA17003F7940 /* Debug */ = {
			isa = XCBuildConfiguration;
			buildSettings = {
				ASSETCATALOG_COMPILER_APPICON_NAME = AppIcon;
				ASSETCATALOG_COMPILER_GLOBAL_ACCENT_COLOR_NAME = AccentColor;
				CODE_SIGN_STYLE = Automatic;
				CURRENT_PROJECT_VERSION = 1;
				DEVELOPMENT_ASSET_PATHS = "\"MemeMe/Preview Content\"";
				DEVELOPMENT_TEAM = KNRS8Y6JMQ;
				ENABLE_PREVIEWS = YES;
				GENERATE_INFOPLIST_FILE = YES;
				INFOPLIST_FILE = MemeMe/Info.plist;
				INFOPLIST_KEY_NSCameraUsageDescription = "App need to use camera to take photo";
				INFOPLIST_KEY_NSPhotoLibraryAddUsageDescription = Allow;
				INFOPLIST_KEY_NSPhotoLibraryUsageDescription = "App need to use your photo to create meme";
				INFOPLIST_KEY_UIApplicationSceneManifest_Generation = YES;
				INFOPLIST_KEY_UIApplicationSupportsIndirectInputEvents = YES;
				INFOPLIST_KEY_UILaunchScreen_Generation = YES;
				INFOPLIST_KEY_UISupportedInterfaceOrientations_iPad = "UIInterfaceOrientationPortrait UIInterfaceOrientationPortraitUpsideDown UIInterfaceOrientationLandscapeLeft UIInterfaceOrientationLandscapeRight";
				INFOPLIST_KEY_UISupportedInterfaceOrientations_iPhone = "UIInterfaceOrientationPortrait UIInterfaceOrientationLandscapeLeft UIInterfaceOrientationLandscapeRight";
				IPHONEOS_DEPLOYMENT_TARGET = 16.0;
				LD_RUNPATH_SEARCH_PATHS = (
					"$(inherited)",
					"@executable_path/Frameworks",
				);
				MARKETING_VERSION = 1.0;
				PRODUCT_BUNDLE_IDENTIFIER = com.khuepm.MemeMe;
				PRODUCT_NAME = "$(TARGET_NAME)";
				SWIFT_EMIT_LOC_STRINGS = YES;
				SWIFT_VERSION = 5.0;
				TARGETED_DEVICE_FAMILY = "1,2";
			};
			name = Debug;
		};
		506546E42BB1CA17003F7940 /* Release */ = {
			isa = XCBuildConfiguration;
			buildSettings = {
				ASSETCATALOG_COMPILER_APPICON_NAME = AppIcon;
				ASSETCATALOG_COMPILER_GLOBAL_ACCENT_COLOR_NAME = AccentColor;
				CODE_SIGN_STYLE = Automatic;
				CURRENT_PROJECT_VERSION = 1;
				DEVELOPMENT_ASSET_PATHS = "\"MemeMe/Preview Content\"";
				DEVELOPMENT_TEAM = KNRS8Y6JMQ;
				ENABLE_PREVIEWS = YES;
				GENERATE_INFOPLIST_FILE = YES;
				INFOPLIST_FILE = MemeMe/Info.plist;
				INFOPLIST_KEY_NSCameraUsageDescription = "App need to use camera to take photo";
				INFOPLIST_KEY_NSPhotoLibraryAddUsageDescription = Allow;
				INFOPLIST_KEY_NSPhotoLibraryUsageDescription = "App need to use your photo to create meme";
				INFOPLIST_KEY_UIApplicationSceneManifest_Generation = YES;
				INFOPLIST_KEY_UIApplicationSupportsIndirectInputEvents = YES;
				INFOPLIST_KEY_UILaunchScreen_Generation = YES;
				INFOPLIST_KEY_UISupportedInterfaceOrientations_iPad = "UIInterfaceOrientationPortrait UIInterfaceOrientationPortraitUpsideDown UIInterfaceOrientationLandscapeLeft UIInterfaceOrientationLandscapeRight";
				INFOPLIST_KEY_UISupportedInterfaceOrientations_iPhone = "UIInterfaceOrientationPortrait UIInterfaceOrientationLandscapeLeft UIInterfaceOrientationLandscapeRight";
				IPHONEOS_DEPLOYMENT_TARGET = 16.0;
				LD_RUNPATH_SEARCH_PATHS = (
					"$(inherited)",
					"@executable_path/Frameworks",
				);
				MARKETING_VERSION = 1.0;
				PRODUCT_BUNDLE_IDENTIFIER = com.khuepm.MemeMe;
				PRODUCT_NAME = "$(TARGET_NAME)";
				SWIFT_EMIT_LOC_STRINGS = YES;
				SWIFT_VERSION = 5.0;
				TARGETED_DEVICE_FAMILY = "1,2";
			};
			name = Release;
		};
/* End XCBuildConfiguration section */

/* Begin XCConfigurationList section */
		506546CF2BB1CA15003F7940 /* Build configuration list for PBXProject "MemeMe" */ = {
			isa = XCConfigurationList;
			buildConfigurations = (
				506546E02BB1CA17003F7940 /* Debug */,
				506546E12BB1CA17003F7940 /* Release */,
			);
			defaultConfigurationIsVisible = 0;
			defaultConfigurationName = Release;
		};
		506546E22BB1CA17003F7940 /* Build configuration list for PBXNativeTarget "MemeMe" */ = {
			isa = XCConfigurationList;
			buildConfigurations = (
				506546E32BB1CA17003F7940 /* Debug */,
				506546E42BB1CA17003F7940 /* Release */,
			);
			defaultConfigurationIsVisible = 0;
			defaultConfigurationName = Release;
		};
/* End XCConfigurationList section */
	};
	rootObject = 506546CC2BB1CA15003F7940 /* Project object */;
}
